// !$*UTF8*$!
{
	archiveVersion = 1;
	classes = {
	};
	objectVersion = 46;
	objects = {

/* Begin PBXBuildFile section */
		1E49E83C1BD80CAF001A8B97 /* RFDataController.swift in Sources */ = {isa = PBXBuildFile; fileRef = 1E49E83B1BD80CAF001A8B97 /* RFDataController.swift */; settings = {ASSET_TAGS = (); }; };
		1E49E83E1BD99D18001A8B97 /* RFTableButtonCellView.swift in Sources */ = {isa = PBXBuildFile; fileRef = 1E49E83D1BD99D18001A8B97 /* RFTableButtonCellView.swift */; settings = {ASSET_TAGS = (); }; };
		1EB31B9C1BD6204C00558E45 /* AppDelegate.swift in Sources */ = {isa = PBXBuildFile; fileRef = 1EB31B9B1BD6204C00558E45 /* AppDelegate.swift */; };
		1EB31B9E1BD6204C00558E45 /* ViewController.swift in Sources */ = {isa = PBXBuildFile; fileRef = 1EB31B9D1BD6204C00558E45 /* ViewController.swift */; };
		1EB31BA01BD6204C00558E45 /* Images.xcassets in Resources */ = {isa = PBXBuildFile; fileRef = 1EB31B9F1BD6204C00558E45 /* Images.xcassets */; };
		1EB31BA31BD6204C00558E45 /* Main.storyboard in Resources */ = {isa = PBXBuildFile; fileRef = 1EB31BA11BD6204C00558E45 /* Main.storyboard */; };
		1EB31BAF1BD6204C00558E45 /* ReNameTests.swift in Sources */ = {isa = PBXBuildFile; fileRef = 1EB31BAE1BD6204C00558E45 /* ReNameTests.swift */; };
/* End PBXBuildFile section */

/* Begin PBXContainerItemProxy section */
		1EB31BA91BD6204C00558E45 /* PBXContainerItemProxy */ = {
			isa = PBXContainerItemProxy;
			containerPortal = 1EB31B8E1BD6204C00558E45 /* Project object */;
			proxyType = 1;
			remoteGlobalIDString = 1EB31B951BD6204C00558E45;
			remoteInfo = ReName;
		};
/* End PBXContainerItemProxy section */

/* Begin PBXFileReference section */
		1E49E83B1BD80CAF001A8B97 /* RFDataController.swift */ = {isa = PBXFileReference; fileEncoding = 4; lastKnownFileType = sourcecode.swift; path = RFDataController.swift; sourceTree = "<group>"; };
		1E49E83D1BD99D18001A8B97 /* RFTableButtonCellView.swift */ = {isa = PBXFileReference; fileEncoding = 4; lastKnownFileType = sourcecode.swift; path = RFTableButtonCellView.swift; sourceTree = "<group>"; };
		1EB31B961BD6204C00558E45 /* ReName.app */ = {isa = PBXFileReference; explicitFileType = wrapper.application; includeInIndex = 0; path = ReName.app; sourceTree = BUILT_PRODUCTS_DIR; };
		1EB31B9A1BD6204C00558E45 /* Info.plist */ = {isa = PBXFileReference; lastKnownFileType = text.plist.xml; path = Info.plist; sourceTree = "<group>"; };
		1EB31B9B1BD6204C00558E45 /* AppDelegate.swift */ = {isa = PBXFileReference; lastKnownFileType = sourcecode.swift; path = AppDelegate.swift; sourceTree = "<group>"; };
		1EB31B9D1BD6204C00558E45 /* ViewController.swift */ = {isa = PBXFileReference; lastKnownFileType = sourcecode.swift; path = ViewController.swift; sourceTree = "<group>"; };
		1EB31B9F1BD6204C00558E45 /* Images.xcassets */ = {isa = PBXFileReference; lastKnownFileType = folder.assetcatalog; path = Images.xcassets; sourceTree = "<group>"; };
		1EB31BA21BD6204C00558E45 /* Base */ = {isa = PBXFileReference; lastKnownFileType = file.storyboard; name = Base; path = Base.lproj/Main.storyboard; sourceTree = "<group>"; };
		1EB31BA81BD6204C00558E45 /* ReNameTests.xctest */ = {isa = PBXFileReference; explicitFileType = wrapper.cfbundle; includeInIndex = 0; path = ReNameTests.xctest; sourceTree = BUILT_PRODUCTS_DIR; };
		1EB31BAD1BD6204C00558E45 /* Info.plist */ = {isa = PBXFileReference; lastKnownFileType = text.plist.xml; path = Info.plist; sourceTree = "<group>"; };
		1EB31BAE1BD6204C00558E45 /* ReNameTests.swift */ = {isa = PBXFileReference; lastKnownFileType = sourcecode.swift; path = ReNameTests.swift; sourceTree = "<group>"; };
/* End PBXFileReference section */

/* Begin PBXFrameworksBuildPhase section */
		1EB31B931BD6204C00558E45 /* Frameworks */ = {
			isa = PBXFrameworksBuildPhase;
			buildActionMask = 2147483647;
			files = (
			);
			runOnlyForDeploymentPostprocessing = 0;
		};
		1EB31BA51BD6204C00558E45 /* Frameworks */ = {
			isa = PBXFrameworksBuildPhase;
			buildActionMask = 2147483647;
			files = (
			);
			runOnlyForDeploymentPostprocessing = 0;
		};
/* End PBXFrameworksBuildPhase section */

/* Begin PBXGroup section */
		1EB31B8D1BD6204C00558E45 = {
			isa = PBXGroup;
			children = (
				1EB31B981BD6204C00558E45 /* ReName */,
				1EB31BAB1BD6204C00558E45 /* ReNameTests */,
				1EB31B971BD6204C00558E45 /* Products */,
			);
			sourceTree = "<group>";
		};
		1EB31B971BD6204C00558E45 /* Products */ = {
			isa = PBXGroup;
			children = (
				1EB31B961BD6204C00558E45 /* ReName.app */,
				1EB31BA81BD6204C00558E45 /* ReNameTests.xctest */,
			);
			name = Products;
			sourceTree = "<group>";
		};
		1EB31B981BD6204C00558E45 /* ReName */ = {
			isa = PBXGroup;
			children = (
				1EB31B9B1BD6204C00558E45 /* AppDelegate.swift */,
				1EB31B9D1BD6204C00558E45 /* ViewController.swift */,
				1EB31B9F1BD6204C00558E45 /* Images.xcassets */,
				1EB31BA11BD6204C00558E45 /* Main.storyboard */,
				1EB31B991BD6204C00558E45 /* Supporting Files */,
				1E49E83B1BD80CAF001A8B97 /* RFDataController.swift */,
				1E49E83D1BD99D18001A8B97 /* RFTableButtonCellView.swift */,
			);
			path = ReName;
			sourceTree = "<group>";
		};
		1EB31B991BD6204C00558E45 /* Supporting Files */ = {
			isa = PBXGroup;
			children = (
				1EB31B9A1BD6204C00558E45 /* Info.plist */,
			);
			name = "Supporting Files";
			sourceTree = "<group>";
		};
		1EB31BAB1BD6204C00558E45 /* ReNameTests */ = {
			isa = PBXGroup;
			children = (
				1EB31BAE1BD6204C00558E45 /* ReNameTests.swift */,
				1EB31BAC1BD6204C00558E45 /* Supporting Files */,
			);
			path = ReNameTests;
			sourceTree = "<group>";
		};
		1EB31BAC1BD6204C00558E45 /* Supporting Files */ = {
			isa = PBXGroup;
			children = (
				1EB31BAD1BD6204C00558E45 /* Info.plist */,
			);
			name = "Supporting Files";
			sourceTree = "<group>";
		};
/* End PBXGroup section */

/* Begin PBXNativeTarget section */
		1EB31B951BD6204C00558E45 /* ReName */ = {
			isa = PBXNativeTarget;
			buildConfigurationList = 1EB31BB21BD6204C00558E45 /* Build configuration list for PBXNativeTarget "ReName" */;
			buildPhases = (
				1EB31B921BD6204C00558E45 /* Sources */,
				1EB31B931BD6204C00558E45 /* Frameworks */,
				1EB31B941BD6204C00558E45 /* Resources */,
			);
			buildRules = (
			);
			dependencies = (
			);
			name = ReName;
			productName = ReName;
			productReference = 1EB31B961BD6204C00558E45 /* ReName.app */;
			productType = "com.apple.product-type.application";
		};
		1EB31BA71BD6204C00558E45 /* ReNameTests */ = {
			isa = PBXNativeTarget;
			buildConfigurationList = 1EB31BB51BD6204C00558E45 /* Build configuration list for PBXNativeTarget "ReNameTests" */;
			buildPhases = (
				1EB31BA41BD6204C00558E45 /* Sources */,
				1EB31BA51BD6204C00558E45 /* Frameworks */,
				1EB31BA61BD6204C00558E45 /* Resources */,
			);
			buildRules = (
			);
			dependencies = (
				1EB31BAA1BD6204C00558E45 /* PBXTargetDependency */,
			);
			name = ReNameTests;
			productName = ReNameTests;
			productReference = 1EB31BA81BD6204C00558E45 /* ReNameTests.xctest */;
			productType = "com.apple.product-type.bundle.unit-test";
		};
/* End PBXNativeTarget section */

/* Begin PBXProject section */
		1EB31B8E1BD6204C00558E45 /* Project object */ = {
			isa = PBXProject;
			attributes = {
				LastSwiftUpdateCheck = 0700;
				LastUpgradeCheck = 0700;
				ORGANIZATIONNAME = "Head-System";
				TargetAttributes = {
					1EB31B951BD6204C00558E45 = {
						CreatedOnToolsVersion = 6.4;
					};
					1EB31BA71BD6204C00558E45 = {
						CreatedOnToolsVersion = 6.4;
						TestTargetID = 1EB31B951BD6204C00558E45;
					};
				};
			};
			buildConfigurationList = 1EB31B911BD6204C00558E45 /* Build configuration list for PBXProject "ReName" */;
			compatibilityVersion = "Xcode 3.2";
			developmentRegion = English;
			hasScannedForEncodings = 0;
			knownRegions = (
				en,
				Base,
			);
			mainGroup = 1EB31B8D1BD6204C00558E45;
			productRefGroup = 1EB31B971BD6204C00558E45 /* Products */;
			projectDirPath = "";
			projectRoot = "";
			targets = (
				1EB31B951BD6204C00558E45 /* ReName */,
				1EB31BA71BD6204C00558E45 /* ReNameTests */,
			);
		};
/* End PBXProject section */

/* Begin PBXResourcesBuildPhase section */
		1EB31B941BD6204C00558E45 /* Resources */ = {
			isa = PBXResourcesBuildPhase;
			buildActionMask = 2147483647;
			files = (
				1EB31BA01BD6204C00558E45 /* Images.xcassets in Resources */,
				1EB31BA31BD6204C00558E45 /* Main.storyboard in Resources */,
			);
			runOnlyForDeploymentPostprocessing = 0;
		};
		1EB31BA61BD6204C00558E45 /* Resources */ = {
			isa = PBXResourcesBuildPhase;
			buildActionMask = 2147483647;
			files = (
			);
			runOnlyForDeploymentPostprocessing = 0;
		};
/* End PBXResourcesBuildPhase section */

/* Begin PBXSourcesBuildPhase section */
		1EB31B921BD6204C00558E45 /* Sources */ = {
			isa = PBXSourcesBuildPhase;
			buildActionMask = 2147483647;
			files = (
				1EB31B9E1BD6204C00558E45 /* ViewController.swift in Sources */,
				1E49E83E1BD99D18001A8B97 /* RFTableButtonCellView.swift in Sources */,
				1EB31B9C1BD6204C00558E45 /* AppDelegate.swift in Sources */,
				1E49E83C1BD80CAF001A8B97 /* RFDataController.swift in Sources */,
			);
			runOnlyForDeploymentPostprocessing = 0;
		};
		1EB31BA41BD6204C00558E45 /* Sources */ = {
			isa = PBXSourcesBuildPhase;
			buildActionMask = 2147483647;
			files = (
				1EB31BAF1BD6204C00558E45 /* ReNameTests.swift in Sources */,
			);
			runOnlyForDeploymentPostprocessing = 0;
		};
/* End PBXSourcesBuildPhase section */

/* Begin PBXTargetDependency section */
		1EB31BAA1BD6204C00558E45 /* PBXTargetDependency */ = {
			isa = PBXTargetDependency;
			target = 1EB31B951BD6204C00558E45 /* ReName */;
			targetProxy = 1EB31BA91BD6204C00558E45 /* PBXContainerItemProxy */;
		};
/* End PBXTargetDependency section */

/* Begin PBXVariantGroup section */
		1EB31BA11BD6204C00558E45 /* Main.storyboard */ = {
			isa = PBXVariantGroup;
			children = (
				1EB31BA21BD6204C00558E45 /* Base */,
			);
			name = Main.storyboard;
			sourceTree = "<group>";
		};
/* End PBXVariantGroup section */

/* Begin XCBuildConfiguration section */
		1EB31BB01BD6204C00558E45 /* Debug */ = {
			isa = XCBuildConfiguration;
			buildSettings = {
				ALWAYS_SEARCH_USER_PATHS = NO;
				CLANG_CXX_LANGUAGE_STANDARD = "gnu++0x";
				CLANG_CXX_LIBRARY = "libc++";
				CLANG_ENABLE_MODULES = YES;
				CLANG_ENABLE_OBJC_ARC = YES;
				CLANG_WARN_BOOL_CONVERSION = YES;
				CLANG_WARN_CONSTANT_CONVERSION = YES;
				CLANG_WARN_DIRECT_OBJC_ISA_USAGE = YES_ERROR;
				CLANG_WARN_EMPTY_BODY = YES;
				CLANG_WARN_ENUM_CONVERSION = YES;
				CLANG_WARN_INT_CONVERSION = YES;
				CLANG_WARN_OBJC_ROOT_CLASS = YES_ERROR;
				CLANG_WARN_UNREACHABLE_CODE = YES;
				CLANG_WARN__DUPLICATE_METHOD_MATCH = YES;
				CODE_SIGN_IDENTITY = "-";
				COPY_PHASE_STRIP = NO;
				DEBUG_INFORMATION_FORMAT = dwarf;
				ENABLE_STRICT_OBJC_MSGSEND = YES;
				ENABLE_TESTABILITY = YES;
				GCC_C_LANGUAGE_STANDARD = gnu99;
				GCC_DYNAMIC_NO_PIC = NO;
				GCC_NO_COMMON_BLOCKS = YES;
				GCC_OPTIMIZATION_LEVEL = 0;
				GCC_PREPROCESSOR_DEFINITIONS = (
					"DEBUG=1",
					"$(inherited)",
				);
				GCC_SYMBOLS_PRIVATE_EXTERN = NO;
				GCC_WARN_64_TO_32_BIT_CONVERSION = YES;
				GCC_WARN_ABOUT_RETURN_TYPE = YES_ERROR;
				GCC_WARN_UNDECLARED_SELECTOR = YES;
				GCC_WARN_UNINITIALIZED_AUTOS = YES_AGGRESSIVE;
				GCC_WARN_UNUSED_FUNCTION = YES;
				GCC_WARN_UNUSED_VARIABLE = YES;
				MACOSX_DEPLOYMENT_TARGET = 10.10;
				MTL_ENABLE_DEBUG_INFO = YES;
				ONLY_ACTIVE_ARCH = YES;
				SDKROOT = macosx;
				SWIFT_OPTIMIZATION_LEVEL = "-Onone";
			};
			name = Debug;
		};
		1EB31BB11BD6204C00558E45 /* Release */ = {
			isa = XCBuildConfiguration;
			buildSettings = {
				ALWAYS_SEARCH_USER_PATHS = NO;
				CLANG_CXX_LANGUAGE_STANDARD = "gnu++0x";
				CLANG_CXX_LIBRARY = "libc++";
				CLANG_ENABLE_MODULES = YES;
				CLANG_ENABLE_OBJC_ARC = YES;
				CLANG_WARN_BOOL_CONVERSION = YES;
				CLANG_WARN_CONSTANT_CONVERSION = YES;
				CLANG_WARN_DIRECT_OBJC_ISA_USAGE = YES_ERROR;
				CLANG_WARN_EMPTY_BODY = YES;
				CLANG_WARN_ENUM_CONVERSION = YES;
				CLANG_WARN_INT_CONVERSION = YES;
				CLANG_WARN_OBJC_ROOT_CLASS = YES_ERROR;
				CLANG_WARN_UNREACHABLE_CODE = YES;
				CLANG_WARN__DUPLICATE_METHOD_MATCH = YES;
				CODE_SIGN_IDENTITY = "-";
				COPY_PHASE_STRIP = NO;
				DEBUG_INFORMATION_FORMAT = "dwarf-with-dsym";
				ENABLE_NS_ASSERTIONS = NO;
				ENABLE_STRICT_OBJC_MSGSEND = YES;
				GCC_C_LANGUAGE_STANDARD = gnu99;
				GCC_NO_COMMON_BLOCKS = YES;
				GCC_WARN_64_TO_32_BIT_CONVERSION = YES;
				GCC_WARN_ABOUT_RETURN_TYPE = YES_ERROR;
				GCC_WARN_UNDECLARED_SELECTOR = YES;
				GCC_WARN_UNINITIALIZED_AUTOS = YES_AGGRESSIVE;
				GCC_WARN_UNUSED_FUNCTION = YES;
				GCC_WARN_UNUSED_VARIABLE = YES;
				MACOSX_DEPLOYMENT_TARGET = 10.10;
				MTL_ENABLE_DEBUG_INFO = NO;
				SDKROOT = macosx;
			};
			name = Release;
		};
		1EB31BB31BD6204C00558E45 /* Debug */ = {
			isa = XCBuildConfiguration;
			buildSettings = {
				ASSETCATALOG_COMPILER_APPICON_NAME = AppIcon;
				COMBINE_HIDPI_IMAGES = YES;
				INFOPLIST_FILE = ReName/Info.plist;
				LD_RUNPATH_SEARCH_PATHS = "$(inherited) @executable_path/../Frameworks";
				PRODUCT_BUNDLE_IDENTIFIER = "Head-System.$(PRODUCT_NAME:rfc1034identifier)";
				PRODUCT_NAME = "$(TARGET_NAME)";
			};
			name = Debug;
		};
		1EB31BB41BD6204C00558E45 /* Release */ = {
			isa = XCBuildConfiguration;
			buildSettings = {
				ASSETCATALOG_COMPILER_APPICON_NAME = AppIcon;
				COMBINE_HIDPI_IMAGES = YES;
				INFOPLIST_FILE = ReName/Info.plist;
				LD_RUNPATH_SEARCH_PATHS = "$(inherited) @executable_path/../Frameworks";
				PRODUCT_BUNDLE_IDENTIFIER = "Head-System.$(PRODUCT_NAME:rfc1034identifier)";
				PRODUCT_NAME = "$(TARGET_NAME)";
			};
			name = Release;
		};
		1EB31BB61BD6204C00558E45 /* Debug */ = {
			isa = XCBuildConfiguration;
			buildSettings = {
				BUNDLE_LOADER = "$(TEST_HOST)";
				COMBINE_HIDPI_IMAGES = YES;
				FRAMEWORK_SEARCH_PATHS = (
					"$(DEVELOPER_FRAMEWORKS_DIR)",
					"$(inherited)",
				);
				GCC_PREPROCESSOR_DEFINITIONS = (
					"DEBUG=1",
					"$(inherited)",
				);
				INFOPLIST_FILE = ReNameTests/Info.plist;
				LD_RUNPATH_SEARCH_PATHS = "$(inherited) @executable_path/../Frameworks @loader_path/../Frameworks";
				PRODUCT_BUNDLE_IDENTIFIER = "Head-System.$(PRODUCT_NAME:rfc1034identifier)";
				PRODUCT_NAME = "$(TARGET_NAME)";
				TEST_HOST = "$(BUILT_PRODUCTS_DIR)/ReName.app/Contents/MacOS/ReName";
			};
			name = Debug;
		};
		1EB31BB71BD6204C00558E45 /* Release */ = {
			isa = XCBuildConfiguration;
			buildSettings = {
				BUNDLE_LOADER = "$(TEST_HOST)";
				COMBINE_HIDPI_IMAGES = YES;
				FRAMEWORK_SEARCH_PATHS = (
					"$(DEVELOPER_FRAMEWORKS_DIR)",
					"$(inherited)",
				);
				INFOPLIST_FILE = ReNameTests/Info.plist;
				LD_RUNPATH_SEARCH_PATHS = "$(inherited) @executable_path/../Frameworks @loader_path/../Frameworks";
				PRODUCT_BUNDLE_IDENTIFIER = "Head-System.$(PRODUCT_NAME:rfc1034identifier)";
				PRODUCT_NAME = "$(TARGET_NAME)";
				TEST_HOST = "$(BUILT_PRODUCTS_DIR)/ReName.app/Contents/MacOS/ReName";
			};
			name = Release;
		};
/* End XCBuildConfiguration section */

/* Begin XCConfigurationList section */
		1EB31B911BD6204C00558E45 /* Build configuration list for PBXProject "ReName" */ = {
			isa = XCConfigurationList;
			buildConfigurations = (
				1EB31BB01BD6204C00558E45 /* Debug */,
				1EB31BB11BD6204C00558E45 /* Release */,
			);
			defaultConfigurationIsVisible = 0;
			defaultConfigurationName = Release;
		};
		1EB31BB21BD6204C00558E45 /* Build configuration list for PBXNativeTarget "ReName" */ = {
			isa = XCConfigurationList;
			buildConfigurations = (
				1EB31BB31BD6204C00558E45 /* Debug */,
				1EB31BB41BD6204C00558E45 /* Release */,
			);
			defaultConfigurationIsVisible = 0;
			defaultConfigurationName = Release;
		};
		1EB31BB51BD6204C00558E45 /* Build configuration list for PBXNativeTarget "ReNameTests" */ = {
			isa = XCConfigurationList;
			buildConfigurations = (
				1EB31BB61BD6204C00558E45 /* Debug */,
				1EB31BB71BD6204C00558E45 /* Release */,
			);
			defaultConfigurationIsVisible = 0;
			defaultConfigurationName = Release;
		};
/* End XCConfigurationList section */
	};
	rootObject = 1EB31B8E1BD6204C00558E45 /* Project object */;
}
